{
    "name": "dca-prep-kit",
    "version": "1.0.0",
    "lockfileVersion": 2,
    "requires": true,
    "packages": {
        "": {
            "name": "dca-prep-kit",
            "version": "1.0.0",
            "license": "MIT",
            "devDependencies": {
                "node-plantuml": "^0.9.0",
                "watch": "^1.0.2"
            }
        },
        "node_modules/commander": {
            "version": "2.20.3",
            "resolved": "https://registry.npmjs.org/commander/-/commander-2.20.3.tgz",
            "integrity": "sha512-GpVkmM8vF2vQUkj2LvZmD35JxeJOLCwJ9cUkugyk2nuhbv3+mJvpLYYt+0+USMxE+oj+ey/lJEnhZw75x/OMcQ==",
            "dev": true
        },
        "node_modules/exec-sh": {
            "version": "0.2.2",
            "resolved": "https://registry.npmjs.org/exec-sh/-/exec-sh-0.2.2.tgz",
            "integrity": "sha512-FIUCJz1RbuS0FKTdaAafAByGS0CPvU3R0MeHxgtl+djzCc//F8HakL8GzmVNZanasTbTAY/3DRFA0KpVqj/eAw==",
            "dev": true,
            "dependencies": {
                "merge": "^1.2.0"
            }
        },
        "node_modules/merge": {
            "version": "1.2.1",
            "resolved": "https://registry.npmjs.org/merge/-/merge-1.2.1.tgz",
            "integrity": "sha512-VjFo4P5Whtj4vsLzsYBu5ayHhoHJ0UqNm7ibvShmbmoz7tGi0vXaoJbGdB+GmDMLUdg8DpQXEIeVDAe8MaABvQ==",
            "dev": true
        },
        "node_modules/minimist": {
            "version": "1.2.5",
            "resolved": "https://registry.npmjs.org/minimist/-/minimist-1.2.5.tgz",
            "integrity": "sha512-FM9nNUYrRBAELZQT3xeZQ7fmMOBg6nWNmJKTcgsJeaLstP/UODVpGsr5OhXhhXg6f+qtJ8uiZ+PUxkDWcgIXLw==",
            "dev": true
        },
        "node_modules/node-nailgun-client": {
            "version": "0.1.2",
            "resolved": "https://registry.npmjs.org/node-nailgun-client/-/node-nailgun-client-0.1.2.tgz",
            "integrity": "sha512-OC611lR0fsDUSptwnhBf8d3sj4DZ5fiRKfS2QaGPe0kR3Dt9YoZr1MY7utK0scFPTbXuQdSBBbeoKYVbME1q5g==",
            "dev": true,
            "dependencies": {
                "commander": "^2.8.1"
            },
            "bin": {
                "node-nailgun-client": "index.js"
            }
        },
        "node_modules/node-nailgun-server": {
            "version": "0.1.4",
            "resolved": "https://registry.npmjs.org/node-nailgun-server/-/node-nailgun-server-0.1.4.tgz",
            "integrity": "sha512-e0Hbh6XPb/7GqATJ45BePaUEO5AwR7InRW/pGeMKHH1cqPMBFCeqdBNfvi+bkVLnsbYOOQE+pAek9nmNoD8sYw==",
            "dev": true,
            "dependencies": {
                "commander": "^2.8.1"
            },
            "bin": {
                "node-nailgun-server": "index.js"
            }
        },
        "node_modules/node-plantuml": {
            "version": "0.9.0",
            "resolved": "https://registry.npmjs.org/node-plantuml/-/node-plantuml-0.9.0.tgz",
            "integrity": "sha512-bUnntTGjbpYu1pvXZI/GS6ctcXf3AOMqJxBMO8vFzTT5RwH8Cj/J5Ca6Dy+PEfMiMDdSBCFKSGnvYyBvYnucXg==",
            "dev": true,
            "hasInstallScript": true,
            "dependencies": {
                "commander": "^2.8.1",
                "node-nailgun-client": "^0.1.0",
                "node-nailgun-server": "^0.1.4",
                "plantuml-encoder": "^1.2.5"
            },
            "bin": {
                "puml": "index.js"
            },
            "engines": {
                "node": ">= 6.x"
            }
        },
        "node_modules/plantuml-encoder": {
            "version": "1.4.0",
            "resolved": "https://registry.npmjs.org/plantuml-encoder/-/plantuml-encoder-1.4.0.tgz",
            "integrity": "sha512-sxMwpDw/ySY1WB2CE3+IdMuEcWibJ72DDOsXLkSmEaSzwEUaYBT6DWgOfBiHGCux4q433X6+OEFWjlVqp7gL6g==",
            "dev": true
        },
        "node_modules/watch": {
            "version": "1.0.2",
            "resolved": "https://registry.npmjs.org/watch/-/watch-1.0.2.tgz",
            "integrity": "sha1-NApxe952Vyb6CqB9ch4BR6VR3ww=",
            "dev": true,
            "dependencies": {
                "exec-sh": "^0.2.0",
                "minimist": "^1.2.0"
            },
            "bin": {
                "watch": "cli.js"
            },
            "engines": {
                "node": ">=0.1.95"
            }
        }
    },
    "dependencies": {
        "commander": {
            "version": "2.20.3",
            "resolved": "https://registry.npmjs.org/commander/-/commander-2.20.3.tgz",
            "integrity": "sha512-GpVkmM8vF2vQUkj2LvZmD35JxeJOLCwJ9cUkugyk2nuhbv3+mJvpLYYt+0+USMxE+oj+ey/lJEnhZw75x/OMcQ==",
            "dev": true
        },
        "exec-sh": {
            "version": "0.2.2",
            "resolved": "https://registry.npmjs.org/exec-sh/-/exec-sh-0.2.2.tgz",
            "integrity": "sha512-FIUCJz1RbuS0FKTdaAafAByGS0CPvU3R0MeHxgtl+djzCc//F8HakL8GzmVNZanasTbTAY/3DRFA0KpVqj/eAw==",
            "dev": true,
            "requires": {
                "merge": "^1.2.0"
            }
        },
        "merge": {
            "version": "1.2.1",
            "resolved": "https://registry.npmjs.org/merge/-/merge-1.2.1.tgz",
            "integrity": "sha512-VjFo4P5Whtj4vsLzsYBu5ayHhoHJ0UqNm7ibvShmbmoz7tGi0vXaoJbGdB+GmDMLUdg8DpQXEIeVDAe8MaABvQ==",
            "dev": true
        },
        "minimist": {
            "version": "1.2.5",
            "resolved": "https://registry.npmjs.org/minimist/-/minimist-1.2.5.tgz",
            "integrity": "sha512-FM9nNUYrRBAELZQT3xeZQ7fmMOBg6nWNmJKTcgsJeaLstP/UODVpGsr5OhXhhXg6f+qtJ8uiZ+PUxkDWcgIXLw==",
            "dev": true
        },
        "node-nailgun-client": {
            "version": "0.1.2",
            "resolved": "https://registry.npmjs.org/node-nailgun-client/-/node-nailgun-client-0.1.2.tgz",
            "integrity": "sha512-OC611lR0fsDUSptwnhBf8d3sj4DZ5fiRKfS2QaGPe0kR3Dt9YoZr1MY7utK0scFPTbXuQdSBBbeoKYVbME1q5g==",
            "dev": true,
            "requires": {
                "commander": "^2.8.1"
            }
        },
        "node-nailgun-server": {
            "version": "0.1.4",
            "resolved": "https://registry.npmjs.org/node-nailgun-server/-/node-nailgun-server-0.1.4.tgz",
            "integrity": "sha512-e0Hbh6XPb/7GqATJ45BePaUEO5AwR7InRW/pGeMKHH1cqPMBFCeqdBNfvi+bkVLnsbYOOQE+pAek9nmNoD8sYw==",
            "dev": true,
            "requires": {
                "commander": "^2.8.1"
            }
        },
        "node-plantuml": {
            "version": "0.9.0",
            "resolved": "https://registry.npmjs.org/node-plantuml/-/node-plantuml-0.9.0.tgz",
            "integrity": "sha512-bUnntTGjbpYu1pvXZI/GS6ctcXf3AOMqJxBMO8vFzTT5RwH8Cj/J5Ca6Dy+PEfMiMDdSBCFKSGnvYyBvYnucXg==",
            "dev": true,
            "requires": {
                "commander": "^2.8.1",
                "node-nailgun-client": "^0.1.0",
                "node-nailgun-server": "^0.1.4",
                "plantuml-encoder": "^1.2.5"
            }
        },
        "plantuml-encoder": {
            "version": "1.4.0",
            "resolved": "https://registry.npmjs.org/plantuml-encoder/-/plantuml-encoder-1.4.0.tgz",
            "integrity": "sha512-sxMwpDw/ySY1WB2CE3+IdMuEcWibJ72DDOsXLkSmEaSzwEUaYBT6DWgOfBiHGCux4q433X6+OEFWjlVqp7gL6g==",
            "dev": true
        },
        "watch": {
            "version": "1.0.2",
            "resolved": "https://registry.npmjs.org/watch/-/watch-1.0.2.tgz",
            "integrity": "sha1-NApxe952Vyb6CqB9ch4BR6VR3ww=",
            "dev": true,
            "requires": {
                "exec-sh": "^0.2.0",
                "minimist": "^1.2.0"
            }
        }
    }
}
